
Microsoft Visual Studio Solution File, Format Version 12.00
# Visual Studio Version 16
VisualStudioVersion = 16.0.29911.84
MinimumVisualStudioVersion = 10.0.40219.1
Project("{FAE04EC0-301F-11D3-BF4B-00C04F79EFBC}") = "dijkstra_gui", "dijkstra_gui.csproj", "{9370685F-8BC3-4EFE-9ED3-7AA782470BC3}"
EndProject
Global
	GlobalSection(SolutionConfigurationPlatforms) = preSolution
		Debug|Any CPU = Debug|Any CPU
		Release|Any CPU = Release|Any CPU
	EndGlobalSection
	GlobalSection(ProjectConfigurationPlatforms) = postSolution
		{9370685F-8BC3-4EFE-9ED3-7AA782470BC3}.Debug|Any CPU.ActiveCfg = Debug|Any CPU
		{9370685F-8BC3-4EFE-9ED3-7AA782470BC3}.Debug|Any CPU.Build.0 = Debug|Any CPU
		{9370685F-8BC3-4EFE-9ED3-7AA782470BC3}.Release|Any CPU.ActiveCfg = Release|Any CPU
		{9370685F-8BC3-4EFE-9ED3-7AA782470BC3}.Release|Any CPU.Build.0 = Release|Any CPU
	EndGlobalSection
	GlobalSection(SolutionProperties) = preSolution
		HideSolutionNode = FALSE
	EndGlobalSection
	GlobalSection(ExtensibilityGlobals) = postSolution
		SolutionGuid = {02B7354C-20F1-41F2-87D1-FFDB99B9DEDB}
	EndGlobalSection
EndGlobal
